
Microsoft Visual Studio Solution File, Format Version 12.00
# Visual Studio Version 17
VisualStudioVersion = 17.5.33424.131
MinimumVisualStudioVersion = 10.0.40219.1
Project("{FAE04EC0-301F-11D3-BF4B-00C04F79EFBC}") = "Server", "Server\Server.csproj", "{D0EEAD68-A41D-43C4-9A80-1136B3425562}"
EndProject
Project("{FAE04EC0-301F-11D3-BF4B-00C04F79EFBC}") = "Client", "Client\Client.csproj", "{6E044B33-527C-408E-8443-EBE58B21EA81}"
EndProject
Global
	GlobalSection(SolutionConfigurationPlatforms) = preSolution
		Debug|Any CPU = Debug|Any CPU
		Release|Any CPU = Release|Any CPU
	EndGlobalSection
	GlobalSection(ProjectConfigurationPlatforms) = postSolution
		{D0EEAD68-A41D-43C4-9A80-1136B3425562}.Debug|Any CPU.ActiveCfg = Debug|Any CPU
		{D0EEAD68-A41D-43C4-9A80-1136B3425562}.Debug|Any CPU.Build.0 = Debug|Any CPU
		{D0EEAD68-A41D-43C4-9A80-1136B3425562}.Release|Any CPU.ActiveCfg = Release|Any CPU
		{D0EEAD68-A41D-43C4-9A80-1136B3425562}.Release|Any CPU.Build.0 = Release|Any CPU
		{6E044B33-527C-408E-8443-EBE58B21EA81}.Debug|Any CPU.ActiveCfg = Debug|Any CPU
		{6E044B33-527C-408E-8443-EBE58B21EA81}.Debug|Any CPU.Build.0 = Debug|Any CPU
		{6E044B33-527C-408E-8443-EBE58B21EA81}.Release|Any CPU.ActiveCfg = Release|Any CPU
		{6E044B33-527C-408E-8443-EBE58B21EA81}.Release|Any CPU.Build.0 = Release|Any CPU
	EndGlobalSection
	GlobalSection(SolutionProperties) = preSolution
		HideSolutionNode = FALSE
	EndGlobalSection
	GlobalSection(ExtensibilityGlobals) = postSolution
		SolutionGuid = {01E7DFAB-7A8A-422E-9FF4-3516CBD2BC5E}
	EndGlobalSection
EndGlobal
